// !$*UTF8*$!
{
	archiveVersion = 1;
	classes = {
	};
	objectVersion = 77;
	objects = {

/* Begin PBXContainerItemProxy section */
		BDA4F6B32D1F82610067CF9B /* PBXContainerItemProxy */ = {
			isa = PBXContainerItemProxy;
			containerPortal = BDA4F6942D1F825F0067CF9B /* Project object */;
			proxyType = 1;
			remoteGlobalIDString = BDA4F69B2D1F825F0067CF9B;
			remoteInfo = GithubBranch;
		};
		BDA4F6BD2D1F82610067CF9B /* PBXContainerItemProxy */ = {
			isa = PBXContainerItemProxy;
			containerPortal = BDA4F6942D1F825F0067CF9B /* Project object */;
			proxyType = 1;
			remoteGlobalIDString = BDA4F69B2D1F825F0067CF9B;
			remoteInfo = GithubBranch;
		};
/* End PBXContainerItemProxy section */

/* Begin PBXFileReference section */
		BDA4F69C2D1F825F0067CF9B /* GithubBranch.app */ = {isa = PBXFileReference; explicitFileType = wrapper.application; includeInIndex = 0; path = GithubBranch.app; sourceTree = BUILT_PRODUCTS_DIR; };
		BDA4F6B22D1F82610067CF9B /* GithubBranchTests.xctest */ = {isa = PBXFileReference; explicitFileType = wrapper.cfbundle; includeInIndex = 0; path = GithubBranchTests.xctest; sourceTree = BUILT_PRODUCTS_DIR; };
		BDA4F6BC2D1F82610067CF9B /* GithubBranchUITests.xctest */ = {isa = PBXFileReference; explicitFileType = wrapper.cfbundle; includeInIndex = 0; path = GithubBranchUITests.xctest; sourceTree = BUILT_PRODUCTS_DIR; };
/* End PBXFileReference section */

/* Begin PBXFileSystemSynchronizedBuildFileExceptionSet section */
		BDA4F6C42D1F82610067CF9B /* Exceptions for "GithubBranch" folder in "GithubBranch" target */ = {
			isa = PBXFileSystemSynchronizedBuildFileExceptionSet;
			membershipExceptions = (
				Info.plist,
			);
			target = BDA4F69B2D1F825F0067CF9B /* GithubBranch */;
		};
/* End PBXFileSystemSynchronizedBuildFileExceptionSet section */

/* Begin PBXFileSystemSynchronizedRootGroup section */
		BDA4F69E2D1F825F0067CF9B /* GithubBranch */ = {
			isa = PBXFileSystemSynchronizedRootGroup;
			exceptions = (
				BDA4F6C42D1F82610067CF9B /* Exceptions for "GithubBranch" folder in "GithubBranch" target */,
			);
			path = GithubBranch;
			sourceTree = "<group>";
		};
		BDA4F6B52D1F82610067CF9B /* GithubBranchTests */ = {
			isa = PBXFileSystemSynchronizedRootGroup;
			path = GithubBranchTests;
			sourceTree = "<group>";
		};
		BDA4F6BF2D1F82610067CF9B /* GithubBranchUITests */ = {
			isa = PBXFileSystemSynchronizedRootGroup;
			path = GithubBranchUITests;
			sourceTree = "<group>";
		};
/* End PBXFileSystemSynchronizedRootGroup section */

/* Begin PBXFrameworksBuildPhase section */
		BDA4F6992D1F825F0067CF9B /* Frameworks */ = {
			isa = PBXFrameworksBuildPhase;
			buildActionMask = 2147483647;
			files = (
			);
			runOnlyForDeploymentPostprocessing = 0;
		};
		BDA4F6AF2D1F82610067CF9B /* Frameworks */ = {
			isa = PBXFrameworksBuildPhase;
			buildActionMask = 2147483647;
			files = (
			);
			runOnlyForDeploymentPostprocessing = 0;
		};
		BDA4F6B92D1F82610067CF9B /* Frameworks */ = {
			isa = PBXFrameworksBuildPhase;
			buildActionMask = 2147483647;
			files = (
			);
			runOnlyForDeploymentPostprocessing = 0;
		};
/* End PBXFrameworksBuildPhase section */

/* Begin PBXGroup section */
		BDA4F6932D1F825F0067CF9B = {
			isa = PBXGroup;
			children = (
				BDA4F69E2D1F825F0067CF9B /* GithubBranch */,
				BDA4F6B52D1F82610067CF9B /* GithubBranchTests */,
				BDA4F6BF2D1F82610067CF9B /* GithubBranchUITests */,
				BDA4F69D2D1F825F0067CF9B /* Products */,
			);
			sourceTree = "<group>";
		};
		BDA4F69D2D1F825F0067CF9B /* Products */ = {
			isa = PBXGroup;
			children = (
				BDA4F69C2D1F825F0067CF9B /* GithubBranch.app */,
				BDA4F6B22D1F82610067CF9B /* GithubBranchTests.xctest */,
				BDA4F6BC2D1F82610067CF9B /* GithubBranchUITests.xctest */,
			);
			name = Products;
			sourceTree = "<group>";
		};
/* End PBXGroup section */

/* Begin PBXNativeTarget section */
		BDA4F69B2D1F825F0067CF9B /* GithubBranch */ = {
			isa = PBXNativeTarget;
			buildConfigurationList = BDA4F6C52D1F82610067CF9B /* Build configuration list for PBXNativeTarget "GithubBranch" */;
			buildPhases = (
				BDA4F6982D1F825F0067CF9B /* Sources */,
				BDA4F6992D1F825F0067CF9B /* Frameworks */,
				BDA4F69A2D1F825F0067CF9B /* Resources */,
			);
			buildRules = (
			);
			dependencies = (
			);
			fileSystemSynchronizedGroups = (
				BDA4F69E2D1F825F0067CF9B /* GithubBranch */,
			);
			name = GithubBranch;
			packageProductDependencies = (
			);
			productName = GithubBranch;
			productReference = BDA4F69C2D1F825F0067CF9B /* GithubBranch.app */;
			productType = "com.apple.product-type.application";
		};
		BDA4F6B12D1F82610067CF9B /* GithubBranchTests */ = {
			isa = PBXNativeTarget;
			buildConfigurationList = BDA4F6CA2D1F82610067CF9B /* Build configuration list for PBXNativeTarget "GithubBranchTests" */;
			buildPhases = (
				BDA4F6AE2D1F82610067CF9B /* Sources */,
				BDA4F6AF2D1F82610067CF9B /* Frameworks */,
				BDA4F6B02D1F82610067CF9B /* Resources */,
			);
			buildRules = (
			);
			dependencies = (
				BDA4F6B42D1F82610067CF9B /* PBXTargetDependency */,
			);
			fileSystemSynchronizedGroups = (
				BDA4F6B52D1F82610067CF9B /* GithubBranchTests */,
			);
			name = GithubBranchTests;
			packageProductDependencies = (
			);
			productName = GithubBranchTests;
			productReference = BDA4F6B22D1F82610067CF9B /* GithubBranchTests.xctest */;
			productType = "com.apple.product-type.bundle.unit-test";
		};
		BDA4F6BB2D1F82610067CF9B /* GithubBranchUITests */ = {
			isa = PBXNativeTarget;
			buildConfigurationList = BDA4F6CD2D1F82610067CF9B /* Build configuration list for PBXNativeTarget "GithubBranchUITests" */;
			buildPhases = (
				BDA4F6B82D1F82610067CF9B /* Sources */,
				BDA4F6B92D1F82610067CF9B /* Frameworks */,
				BDA4F6BA2D1F82610067CF9B /* Resources */,
			);
			buildRules = (
			);
			dependencies = (
				BDA4F6BE2D1F82610067CF9B /* PBXTargetDependency */,
			);
			fileSystemSynchronizedGroups = (
				BDA4F6BF2D1F82610067CF9B /* GithubBranchUITests */,
			);
			name = GithubBranchUITests;
			packageProductDependencies = (
			);
			productName = GithubBranchUITests;
			productReference = BDA4F6BC2D1F82610067CF9B /* GithubBranchUITests.xctest */;
			productType = "com.apple.product-type.bundle.ui-testing";
		};
/* End PBXNativeTarget section */

/* Begin PBXProject section */
		BDA4F6942D1F825F0067CF9B /* Project object */ = {
			isa = PBXProject;
			attributes = {
				BuildIndependentTargetsInParallel = 1;
				LastSwiftUpdateCheck = 1620;
				LastUpgradeCheck = 1620;
				TargetAttributes = {
					BDA4F69B2D1F825F0067CF9B = {
						CreatedOnToolsVersion = 16.2;
					};
					BDA4F6B12D1F82610067CF9B = {
						CreatedOnToolsVersion = 16.2;
						TestTargetID = BDA4F69B2D1F825F0067CF9B;
					};
					BDA4F6BB2D1F82610067CF9B = {
						CreatedOnToolsVersion = 16.2;
						TestTargetID = BDA4F69B2D1F825F0067CF9B;
					};
				};
			};
			buildConfigurationList = BDA4F6972D1F825F0067CF9B /* Build configuration list for PBXProject "GithubBranch" */;
			developmentRegion = en;
			hasScannedForEncodings = 0;
			knownRegions = (
				en,
				Base,
			);
			mainGroup = BDA4F6932D1F825F0067CF9B;
			minimizedProjectReferenceProxies = 1;
			preferredProjectObjectVersion = 77;
			productRefGroup = BDA4F69D2D1F825F0067CF9B /* Products */;
			projectDirPath = "";
			projectRoot = "";
			targets = (
				BDA4F69B2D1F825F0067CF9B /* GithubBranch */,
				BDA4F6B12D1F82610067CF9B /* GithubBranchTests */,
				BDA4F6BB2D1F82610067CF9B /* GithubBranchUITests */,
			);
		};
/* End PBXProject section */

/* Begin PBXResourcesBuildPhase section */
		BDA4F69A2D1F825F0067CF9B /* Resources */ = {
			isa = PBXResourcesBuildPhase;
			buildActionMask = 2147483647;
			files = (
			);
			runOnlyForDeploymentPostprocessing = 0;
		};
		BDA4F6B02D1F82610067CF9B /* Resources */ = {
			isa = PBXResourcesBuildPhase;
			buildActionMask = 2147483647;
			files = (
			);
			runOnlyForDeploymentPostprocessing = 0;
		};
		BDA4F6BA2D1F82610067CF9B /* Resources */ = {
			isa = PBXResourcesBuildPhase;
			buildActionMask = 2147483647;
			files = (
			);
			runOnlyForDeploymentPostprocessing = 0;
		};
/* End PBXResourcesBuildPhase section */

/* Begin PBXSourcesBuildPhase section */
		BDA4F6982D1F825F0067CF9B /* Sources */ = {
			isa = PBXSourcesBuildPhase;
			buildActionMask = 2147483647;
			files = (
			);
			runOnlyForDeploymentPostprocessing = 0;
		};
		BDA4F6AE2D1F82610067CF9B /* Sources */ = {
			isa = PBXSourcesBuildPhase;
			buildActionMask = 2147483647;
			files = (
			);
			runOnlyForDeploymentPostprocessing = 0;
		};
		BDA4F6B82D1F82610067CF9B /* Sources */ = {
			isa = PBXSourcesBuildPhase;
			buildActionMask = 2147483647;
			files = (
			);
			runOnlyForDeploymentPostprocessing = 0;
		};
/* End PBXSourcesBuildPhase section */

/* Begin PBXTargetDependency section */
		BDA4F6B42D1F82610067CF9B /* PBXTargetDependency */ = {
			isa = PBXTargetDependency;
			target = BDA4F69B2D1F825F0067CF9B /* GithubBranch */;
			targetProxy = BDA4F6B32D1F82610067CF9B /* PBXContainerItemProxy */;
		};
		BDA4F6BE2D1F82610067CF9B /* PBXTargetDependency */ = {
			isa = PBXTargetDependency;
			target = BDA4F69B2D1F825F0067CF9B /* GithubBranch */;
			targetProxy = BDA4F6BD2D1F82610067CF9B /* PBXContainerItemProxy */;
		};
/* End PBXTargetDependency section */

/* Begin XCBuildConfiguration section */
		BDA4F6C62D1F82610067CF9B /* Debug */ = {
			isa = XCBuildConfiguration;
			buildSettings = {
				ASSETCATALOG_COMPILER_APPICON_NAME = AppIcon;
				ASSETCATALOG_COMPILER_GLOBAL_ACCENT_COLOR_NAME = AccentColor;
				CODE_SIGN_STYLE = Automatic;
				CURRENT_PROJECT_VERSION = 1;
				GENERATE_INFOPLIST_FILE = YES;
				INFOPLIST_FILE = GithubBranch/Info.plist;
				INFOPLIST_KEY_UIApplicationSupportsIndirectInputEvents = YES;
				INFOPLIST_KEY_UILaunchStoryboardName = LaunchScreen;
				INFOPLIST_KEY_UIMainStoryboardFile = Main;
				INFOPLIST_KEY_UISupportedInterfaceOrientations_iPad = "UIInterfaceOrientationPortrait UIInterfaceOrientationPortraitUpsideDown UIInterfaceOrientationLandscapeLeft UIInterfaceOrientationLandscapeRight";
				INFOPLIST_KEY_UISupportedInterfaceOrientations_iPhone = "UIInterfaceOrientationPortrait UIInterfaceOrientationLandscapeLeft UIInterfaceOrientationLandscapeRight";
				LD_RUNPATH_SEARCH_PATHS = (
					"$(inherited)",
					"@executable_path/Frameworks",
				);
				MARKETING_VERSION = 1.0;
				PRODUCT_BUNDLE_IDENTIFIER = com.iOS.GithubBranch;
				PRODUCT_NAME = "$(TARGET_NAME)";
				SWIFT_EMIT_LOC_STRINGS = YES;
				SWIFT_VERSION = 5.0;
				TARGETED_DEVICE_FAMILY = "1,2";
			};
			name = Debug;
		};
		BDA4F6C72D1F82610067CF9B /* Release */ = {
			isa = XCBuildConfiguration;
			buildSettings = {
				ASSETCATALOG_COMPILER_APPICON_NAME = AppIcon;
				ASSETCATALOG_COMPILER_GLOBAL_ACCENT_COLOR_NAME = AccentColor;
				CODE_SIGN_STYLE = Automatic;
				CURRENT_PROJECT_VERSION = 1;
				GENERATE_INFOPLIST_FILE = YES;
				INFOPLIST_FILE = GithubBranch/Info.plist;
				INFOPLIST_KEY_UIApplicationSupportsIndirectInputEvents = YES;
				INFOPLIST_KEY_UILaunchStoryboardName = LaunchScreen;
				INFOPLIST_KEY_UIMainStoryboardFile = Main;
				INFOPLIST_KEY_UISupportedInterfaceOrientations_iPad = "UIInterfaceOrientationPortrait UIInterfaceOrientationPortraitUpsideDown UIInterfaceOrientationLandscapeLeft UIInterfaceOrientationLandscapeRight";
				INFOPLIST_KEY_UISupportedInterfaceOrientations_iPhone = "UIInterfaceOrientationPortrait UIInterfaceOrientationLandscapeLeft UIInterfaceOrientationLandscapeRight";
				LD_RUNPATH_SEARCH_PATHS = (
					"$(inherited)",
					"@executable_path/Frameworks",
				);
				MARKETING_VERSION = 1.0;
				PRODUCT_BUNDLE_IDENTIFIER = com.iOS.GithubBranch;
				PRODUCT_NAME = "$(TARGET_NAME)";
				SWIFT_EMIT_LOC_STRINGS = YES;
				SWIFT_VERSION = 5.0;
				TARGETED_DEVICE_FAMILY = "1,2";
			};
			name = Release;
		};
		BDA4F6C82D1F82610067CF9B /* Debug */ = {
			isa = XCBuildConfiguration;
			buildSettings = {
				ALWAYS_SEARCH_USER_PATHS = NO;
				ASSETCATALOG_COMPILER_GENERATE_SWIFT_ASSET_SYMBOL_EXTENSIONS = YES;
				CLANG_ANALYZER_NONNULL = YES;
				CLANG_ANALYZER_NUMBER_OBJECT_CONVERSION = YES_AGGRESSIVE;
				CLANG_CXX_LANGUAGE_STANDARD = "gnu++20";
				CLANG_ENABLE_MODULES = YES;
				CLANG_ENABLE_OBJC_ARC = YES;
				CLANG_ENABLE_OBJC_WEAK = YES;
				CLANG_WARN_BLOCK_CAPTURE_AUTORELEASING = YES;
				CLANG_WARN_BOOL_CONVERSION = YES;
				CLANG_WARN_COMMA = YES;
				CLANG_WARN_CONSTANT_CONVERSION = YES;
				CLANG_WARN_DEPRECATED_OBJC_IMPLEMENTATIONS = YES;
				CLANG_WARN_DIRECT_OBJC_ISA_USAGE = YES_ERROR;
				CLANG_WARN_DOCUMENTATION_COMMENTS = YES;
				CLANG_WARN_EMPTY_BODY = YES;
				CLANG_WARN_ENUM_CONVERSION = YES;
				CLANG_WARN_INFINITE_RECURSION = YES;
				CLANG_WARN_INT_CONVERSION = YES;
				CLANG_WARN_NON_LITERAL_NULL_CONVERSION = YES;
				CLANG_WARN_OBJC_IMPLICIT_RETAIN_SELF = YES;
				CLANG_WARN_OBJC_LITERAL_CONVERSION = YES;
				CLANG_WARN_OBJC_ROOT_CLASS = YES_ERROR;
				CLANG_WARN_QUOTED_INCLUDE_IN_FRAMEWORK_HEADER = YES;
				CLANG_WARN_RANGE_LOOP_ANALYSIS = YES;
				CLANG_WARN_STRICT_PROTOTYPES = YES;
				CLANG_WARN_SUSPICIOUS_MOVE = YES;
				CLANG_WARN_UNGUARDED_AVAILABILITY = YES_AGGRESSIVE;
				CLANG_WARN_UNREACHABLE_CODE = YES;
				CLANG_WARN__DUPLICATE_METHOD_MATCH = YES;
				COPY_PHASE_STRIP = NO;
				DEBUG_INFORMATION_FORMAT = dwarf;
				ENABLE_STRICT_OBJC_MSGSEND = YES;
				ENABLE_TESTABILITY = YES;
				ENABLE_USER_SCRIPT_SANDBOXING = YES;
				GCC_C_LANGUAGE_STANDARD = gnu17;
				GCC_DYNAMIC_NO_PIC = NO;
				GCC_NO_COMMON_BLOCKS = YES;
				GCC_OPTIMIZATION_LEVEL = 0;
				GCC_PREPROCESSOR_DEFINITIONS = (
					"DEBUG=1",
					"$(inherited)",
				);
				GCC_WARN_64_TO_32_BIT_CONVERSION = YES;
				GCC_WARN_ABOUT_RETURN_TYPE = YES_ERROR;
				GCC_WARN_UNDECLARED_SELECTOR = YES;
				GCC_WARN_UNINITIALIZED_AUTOS = YES_AGGRESSIVE;
				GCC_WARN_UNUSED_FUNCTION = YES;
				GCC_WARN_UNUSED_VARIABLE = YES;
				IPHONEOS_DEPLOYMENT_TARGET = 18.2;
				LOCALIZATION_PREFERS_STRING_CATALOGS = YES;
				MTL_ENABLE_DEBUG_INFO = INCLUDE_SOURCE;
				MTL_FAST_MATH = YES;
				ONLY_ACTIVE_ARCH = YES;
				SDKROOT = iphoneos;
				SWIFT_ACTIVE_COMPILATION_CONDITIONS = "DEBUG $(inherited)";
				SWIFT_OPTIMIZATION_LEVEL = "-Onone";
			};
			name = Debug;
		};
		BDA4F6C92D1F82610067CF9B /* Release */ = {
			isa = XCBuildConfiguration;
			buildSettings = {
				ALWAYS_SEARCH_USER_PATHS = NO;
				ASSETCATALOG_COMPILER_GENERATE_SWIFT_ASSET_SYMBOL_EXTENSIONS = YES;
				CLANG_ANALYZER_NONNULL = YES;
				CLANG_ANALYZER_NUMBER_OBJECT_CONVERSION = YES_AGGRESSIVE;
				CLANG_CXX_LANGUAGE_STANDARD = "gnu++20";
				CLANG_ENABLE_MODULES = YES;
				CLANG_ENABLE_OBJC_ARC = YES;
				CLANG_ENABLE_OBJC_WEAK = YES;
				CLANG_WARN_BLOCK_CAPTURE_AUTORELEASING = YES;
				CLANG_WARN_BOOL_CONVERSION = YES;
				CLANG_WARN_COMMA = YES;
				CLANG_WARN_CONSTANT_CONVERSION = YES;
				CLANG_WARN_DEPRECATED_OBJC_IMPLEMENTATIONS = YES;
				CLANG_WARN_DIRECT_OBJC_ISA_USAGE = YES_ERROR;
				CLANG_WARN_DOCUMENTATION_COMMENTS = YES;
				CLANG_WARN_EMPTY_BODY = YES;
				CLANG_WARN_ENUM_CONVERSION = YES;
				CLANG_WARN_INFINITE_RECURSION = YES;
				CLANG_WARN_INT_CONVERSION = YES;
				CLANG_WARN_NON_LITERAL_NULL_CONVERSION = YES;
				CLANG_WARN_OBJC_IMPLICIT_RETAIN_SELF = YES;
				CLANG_WARN_OBJC_LITERAL_CONVERSION = YES;
				CLANG_WARN_OBJC_ROOT_CLASS = YES_ERROR;
				CLANG_WARN_QUOTED_INCLUDE_IN_FRAMEWORK_HEADER = YES;
				CLANG_WARN_RANGE_LOOP_ANALYSIS = YES;
				CLANG_WARN_STRICT_PROTOTYPES = YES;
				CLANG_WARN_SUSPICIOUS_MOVE = YES;
				CLANG_WARN_UNGUARDED_AVAILABILITY = YES_AGGRESSIVE;
				CLANG_WARN_UNREACHABLE_CODE = YES;
				CLANG_WARN__DUPLICATE_METHOD_MATCH = YES;
				COPY_PHASE_STRIP = NO;
				DEBUG_INFORMATION_FORMAT = "dwarf-with-dsym";
				ENABLE_NS_ASSERTIONS = NO;
				ENABLE_STRICT_OBJC_MSGSEND = YES;
				ENABLE_USER_SCRIPT_SANDBOXING = YES;
				GCC_C_LANGUAGE_STANDARD = gnu17;
				GCC_NO_COMMON_BLOCKS = YES;
				GCC_WARN_64_TO_32_BIT_CONVERSION = YES;
				GCC_WARN_ABOUT_RETURN_TYPE = YES_ERROR;
				GCC_WARN_UNDECLARED_SELECTOR = YES;
				GCC_WARN_UNINITIALIZED_AUTOS = YES_AGGRESSIVE;
				GCC_WARN_UNUSED_FUNCTION = YES;
				GCC_WARN_UNUSED_VARIABLE = YES;
				IPHONEOS_DEPLOYMENT_TARGET = 18.2;
				LOCALIZATION_PREFERS_STRING_CATALOGS = YES;
				MTL_ENABLE_DEBUG_INFO = NO;
				MTL_FAST_MATH = YES;
				SDKROOT = iphoneos;
				SWIFT_COMPILATION_MODE = wholemodule;
				VALIDATE_PRODUCT = YES;
			};
			name = Release;
		};
		BDA4F6CB2D1F82610067CF9B /* Debug */ = {
			isa = XCBuildConfiguration;
			buildSettings = {
				BUNDLE_LOADER = "$(TEST_HOST)";
				CODE_SIGN_STYLE = Automatic;
				CURRENT_PROJECT_VERSION = 1;
				GENERATE_INFOPLIST_FILE = YES;
				IPHONEOS_DEPLOYMENT_TARGET = 18.2;
				MARKETING_VERSION = 1.0;
				PRODUCT_BUNDLE_IDENTIFIER = com.iOS.GithubBranchTests;
				PRODUCT_NAME = "$(TARGET_NAME)";
				SWIFT_EMIT_LOC_STRINGS = NO;
				SWIFT_VERSION = 5.0;
				TARGETED_DEVICE_FAMILY = "1,2";
				TEST_HOST = "$(BUILT_PRODUCTS_DIR)/GithubBranch.app/$(BUNDLE_EXECUTABLE_FOLDER_PATH)/GithubBranch";
			};
			name = Debug;
		};
		BDA4F6CC2D1F82610067CF9B /* Release */ = {
			isa = XCBuildConfiguration;
			buildSettings = {
				BUNDLE_LOADER = "$(TEST_HOST)";
				CODE_SIGN_STYLE = Automatic;
				CURRENT_PROJECT_VERSION = 1;
				GENERATE_INFOPLIST_FILE = YES;
				IPHONEOS_DEPLOYMENT_TARGET = 18.2;
				MARKETING_VERSION = 1.0;
				PRODUCT_BUNDLE_IDENTIFIER = com.iOS.GithubBranchTests;
				PRODUCT_NAME = "$(TARGET_NAME)";
				SWIFT_EMIT_LOC_STRINGS = NO;
				SWIFT_VERSION = 5.0;
				TARGETED_DEVICE_FAMILY = "1,2";
				TEST_HOST = "$(BUILT_PRODUCTS_DIR)/GithubBranch.app/$(BUNDLE_EXECUTABLE_FOLDER_PATH)/GithubBranch";
			};
			name = Release;
		};
		BDA4F6CE2D1F82610067CF9B /* Debug */ = {
			isa = XCBuildConfiguration;
			buildSettings = {
				CODE_SIGN_STYLE = Automatic;
				CURRENT_PROJECT_VERSION = 1;
				GENERATE_INFOPLIST_FILE = YES;
				MARKETING_VERSION = 1.0;
				PRODUCT_BUNDLE_IDENTIFIER = com.iOS.GithubBranchUITests;
				PRODUCT_NAME = "$(TARGET_NAME)";
				SWIFT_EMIT_LOC_STRINGS = NO;
				SWIFT_VERSION = 5.0;
				TARGETED_DEVICE_FAMILY = "1,2";
				TEST_TARGET_NAME = GithubBranch;
			};
			name = Debug;
		};
		BDA4F6CF2D1F82610067CF9B /* Release */ = {
			isa = XCBuildConfiguration;
			buildSettings = {
				CODE_SIGN_STYLE = Automatic;
				CURRENT_PROJECT_VERSION = 1;
				GENERATE_INFOPLIST_FILE = YES;
				MARKETING_VERSION = 1.0;
				PRODUCT_BUNDLE_IDENTIFIER = com.iOS.GithubBranchUITests;
				PRODUCT_NAME = "$(TARGET_NAME)";
				SWIFT_EMIT_LOC_STRINGS = NO;
				SWIFT_VERSION = 5.0;
				TARGETED_DEVICE_FAMILY = "1,2";
				TEST_TARGET_NAME = GithubBranch;
			};
			name = Release;
		};
/* End XCBuildConfiguration section */

/* Begin XCConfigurationList section */
		BDA4F6972D1F825F0067CF9B /* Build configuration list for PBXProject "GithubBranch" */ = {
			isa = XCConfigurationList;
			buildConfigurations = (
				BDA4F6C82D1F82610067CF9B /* Debug */,
				BDA4F6C92D1F82610067CF9B /* Release */,
			);
			defaultConfigurationIsVisible = 0;
			defaultConfigurationName = Release;
		};
		BDA4F6C52D1F82610067CF9B /* Build configuration list for PBXNativeTarget "GithubBranch" */ = {
			isa = XCConfigurationList;
			buildConfigurations = (
				BDA4F6C62D1F82610067CF9B /* Debug */,
				BDA4F6C72D1F82610067CF9B /* Release */,
			);
			defaultConfigurationIsVisible = 0;
			defaultConfigurationName = Release;
		};
		BDA4F6CA2D1F82610067CF9B /* Build configuration list for PBXNativeTarget "GithubBranchTests" */ = {
			isa = XCConfigurationList;
			buildConfigurations = (
				BDA4F6CB2D1F82610067CF9B /* Debug */,
				BDA4F6CC2D1F82610067CF9B /* Release */,
			);
			defaultConfigurationIsVisible = 0;
			defaultConfigurationName = Release;
		};
		BDA4F6CD2D1F82610067CF9B /* Build configuration list for PBXNativeTarget "GithubBranchUITests" */ = {
			isa = XCConfigurationList;
			buildConfigurations = (
				BDA4F6CE2D1F82610067CF9B /* Debug */,
				BDA4F6CF2D1F82610067CF9B /* Release */,
			);
			defaultConfigurationIsVisible = 0;
			defaultConfigurationName = Release;
		};
/* End XCConfigurationList section */
	};
	rootObject = BDA4F6942D1F825F0067CF9B /* Project object */;
}
